
Microsoft Visual Studio Solution File, Format Version 12.00
# Visual Studio Version 17
VisualStudioVersion = 17.7.34024.191
MinimumVisualStudioVersion = 10.0.40219.1
Project("{FAE04EC0-301F-11D3-BF4B-00C04F79EFBC}") = "HideApps", "HideApps.csproj", "{85C08022-4E54-4330-88B9-DE611B780C67}"
EndProject
Global
	GlobalSection(SolutionConfigurationPlatforms) = preSolution
		Debug|Any CPU = Debug|Any CPU
		Release|Any CPU = Release|Any CPU
	EndGlobalSection
	GlobalSection(ProjectConfigurationPlatforms) = postSolution
		{85C08022-4E54-4330-88B9-DE611B780C67}.Debug|Any CPU.ActiveCfg = Debug|Any CPU
		{85C08022-4E54-4330-88B9-DE611B780C67}.Debug|Any CPU.Build.0 = Debug|Any CPU
		{85C08022-4E54-4330-88B9-DE611B780C67}.Release|Any CPU.ActiveCfg = Release|Any CPU
		{85C08022-4E54-4330-88B9-DE611B780C67}.Release|Any CPU.Build.0 = Release|Any CPU
	EndGlobalSection
	GlobalSection(SolutionProperties) = preSolution
		HideSolutionNode = FALSE
	EndGlobalSection
	GlobalSection(ExtensibilityGlobals) = postSolution
		SolutionGuid = {2B3537CB-CB39-45F8-A9B2-C151B0552A38}
	EndGlobalSection
EndGlobal
